
Microsoft Visual Studio Solution File, Format Version 12.00
# Visual Studio Version 17
VisualStudioVersion = 17.14.36310.24
MinimumVisualStudioVersion = 10.0.40219.1
Project("{2150E333-8FDC-42A3-9474-1A3956D46DE8}") = "src", "src", "{02EA681E-C7D8-13C7-8484-4AC65E1B71E8}"
EndProject
Project("{FAE04EC0-301F-11D3-BF4B-00C04F79EFBC}") = "EmployeesManagement.API", "src\EmployeesManagement.API\EmployeesManagement.API.csproj", "{BFF1544F-1841-42CB-9A70-FECEC9306F8F}"
EndProject
Project("{FAE04EC0-301F-11D3-BF4B-00C04F79EFBC}") = "EmployeesManagement.Domain", "src\EmployeesManagement.Domain\EmployeesManagement.Domain.csproj", "{D4C33547-BCED-4DCC-AEAA-3E315AE9AAF2}"
EndProject
Project("{FAE04EC0-301F-11D3-BF4B-00C04F79EFBC}") = "EmployeesManagement.Application", "src\EmployeesManagement.Application\EmployeesManagement.Application.csproj", "{8F3966CD-D72E-4BBE-9294-B3581DA82A80}"
EndProject
Project("{FAE04EC0-301F-11D3-BF4B-00C04F79EFBC}") = "EmployeesManagement.Infrastructure", "src\EmployeesManagement.Infrastructure\EmployeesManagement.Infrastructure.csproj", "{F93BDCA2-2223-4C70-AE22-2B6813D723D5}"
EndProject
Project("{2150E333-8FDC-42A3-9474-1A3956D46DE8}") = "Solution Items", "Solution Items", "{8EC462FD-D22E-90A8-E5CE-7E832BA40C5D}"
	ProjectSection(SolutionItems) = preProject
		.dockerignore = .dockerignore
		.editorconfig = .editorconfig
		Directory.Packages.props = Directory.Packages.props
		docker-compose.yml = docker-compose.yml
		README.md = README.md
	EndProjectSection
EndProject
Project("{2150E333-8FDC-42A3-9474-1A3956D46DE8}") = "tests", "tests", "{C314512E-386E-43FE-8EF1-70495BAF6E51}"
EndProject
Project("{FAE04EC0-301F-11D3-BF4B-00C04F79EFBC}") = "EmployeesManagement.UnitTests", "tests\EmployeesManagement.UnitTests\EmployeesManagement.UnitTests.csproj", "{2B11913D-9573-49B8-A48C-E5B2989C43E5}"
EndProject
Global
	GlobalSection(SolutionConfigurationPlatforms) = preSolution
		Debug|Any CPU = Debug|Any CPU
		Release|Any CPU = Release|Any CPU
	EndGlobalSection
	GlobalSection(ProjectConfigurationPlatforms) = postSolution
		{BFF1544F-1841-42CB-9A70-FECEC9306F8F}.Debug|Any CPU.ActiveCfg = Debug|Any CPU
		{BFF1544F-1841-42CB-9A70-FECEC9306F8F}.Debug|Any CPU.Build.0 = Debug|Any CPU
		{BFF1544F-1841-42CB-9A70-FECEC9306F8F}.Release|Any CPU.ActiveCfg = Release|Any CPU
		{BFF1544F-1841-42CB-9A70-FECEC9306F8F}.Release|Any CPU.Build.0 = Release|Any CPU
		{D4C33547-BCED-4DCC-AEAA-3E315AE9AAF2}.Debug|Any CPU.ActiveCfg = Debug|Any CPU
		{D4C33547-BCED-4DCC-AEAA-3E315AE9AAF2}.Debug|Any CPU.Build.0 = Debug|Any CPU
		{D4C33547-BCED-4DCC-AEAA-3E315AE9AAF2}.Release|Any CPU.ActiveCfg = Release|Any CPU
		{D4C33547-BCED-4DCC-AEAA-3E315AE9AAF2}.Release|Any CPU.Build.0 = Release|Any CPU
		{8F3966CD-D72E-4BBE-9294-B3581DA82A80}.Debug|Any CPU.ActiveCfg = Debug|Any CPU
		{8F3966CD-D72E-4BBE-9294-B3581DA82A80}.Debug|Any CPU.Build.0 = Debug|Any CPU
		{8F3966CD-D72E-4BBE-9294-B3581DA82A80}.Release|Any CPU.ActiveCfg = Release|Any CPU
		{8F3966CD-D72E-4BBE-9294-B3581DA82A80}.Release|Any CPU.Build.0 = Release|Any CPU
		{F93BDCA2-2223-4C70-AE22-2B6813D723D5}.Debug|Any CPU.ActiveCfg = Debug|Any CPU
		{F93BDCA2-2223-4C70-AE22-2B6813D723D5}.Debug|Any CPU.Build.0 = Debug|Any CPU
		{F93BDCA2-2223-4C70-AE22-2B6813D723D5}.Release|Any CPU.ActiveCfg = Release|Any CPU
		{F93BDCA2-2223-4C70-AE22-2B6813D723D5}.Release|Any CPU.Build.0 = Release|Any CPU
		{2B11913D-9573-49B8-A48C-E5B2989C43E5}.Debug|Any CPU.ActiveCfg = Debug|Any CPU
		{2B11913D-9573-49B8-A48C-E5B2989C43E5}.Debug|Any CPU.Build.0 = Debug|Any CPU
		{2B11913D-9573-49B8-A48C-E5B2989C43E5}.Release|Any CPU.ActiveCfg = Release|Any CPU
		{2B11913D-9573-49B8-A48C-E5B2989C43E5}.Release|Any CPU.Build.0 = Release|Any CPU
	EndGlobalSection
	GlobalSection(SolutionProperties) = preSolution
		HideSolutionNode = FALSE
	EndGlobalSection
	GlobalSection(NestedProjects) = preSolution
		{BFF1544F-1841-42CB-9A70-FECEC9306F8F} = {02EA681E-C7D8-13C7-8484-4AC65E1B71E8}
		{D4C33547-BCED-4DCC-AEAA-3E315AE9AAF2} = {02EA681E-C7D8-13C7-8484-4AC65E1B71E8}
		{8F3966CD-D72E-4BBE-9294-B3581DA82A80} = {02EA681E-C7D8-13C7-8484-4AC65E1B71E8}
		{F93BDCA2-2223-4C70-AE22-2B6813D723D5} = {02EA681E-C7D8-13C7-8484-4AC65E1B71E8}
		{2B11913D-9573-49B8-A48C-E5B2989C43E5} = {C314512E-386E-43FE-8EF1-70495BAF6E51}
	EndGlobalSection
	GlobalSection(ExtensibilityGlobals) = postSolution
		SolutionGuid = {3B805CCD-D30C-4AA2-A853-198E162CB8F0}
	EndGlobalSection
EndGlobal
